
Microsoft Visual Studio Solution File, Format Version 12.00
# Visual Studio Version 17
VisualStudioVersion = 17.4.33122.133
MinimumVisualStudioVersion = 10.0.40219.1
Project("{FAE04EC0-301F-11D3-BF4B-00C04F79EFBC}") = "docker-api", "docker-api\docker-api.csproj", "{0DF0BDDE-1C87-4B5D-8A74-2230961E6A32}"
EndProject
Global
	GlobalSection(SolutionConfigurationPlatforms) = preSolution
		Debug|Any CPU = Debug|Any CPU
		Release|Any CPU = Release|Any CPU
	EndGlobalSection
	GlobalSection(ProjectConfigurationPlatforms) = postSolution
		{0DF0BDDE-1C87-4B5D-8A74-2230961E6A32}.Debug|Any CPU.ActiveCfg = Debug|Any CPU
		{0DF0BDDE-1C87-4B5D-8A74-2230961E6A32}.Debug|Any CPU.Build.0 = Debug|Any CPU
		{0DF0BDDE-1C87-4B5D-8A74-2230961E6A32}.Release|Any CPU.ActiveCfg = Release|Any CPU
		{0DF0BDDE-1C87-4B5D-8A74-2230961E6A32}.Release|Any CPU.Build.0 = Release|Any CPU
	EndGlobalSection
	GlobalSection(SolutionProperties) = preSolution
		HideSolutionNode = FALSE
	EndGlobalSection
	GlobalSection(ExtensibilityGlobals) = postSolution
		SolutionGuid = {F529A100-43EA-4CCF-AB37-0187B4650569}
	EndGlobalSection
EndGlobal
